# This file was autogenerated by Stack.
# You should not edit this file by hand.
# For more information, please see the documentation at:
#   https://docs.haskellstack.org/en/stable/topics/lock_files

packages: []
snapshots:
- completed:
    sha256: 069b67c74f63f215f21ae54d4917ca18afcf0b5cf2e30bf0890d0a59cb775eb6
    size: 775723
    url: https://raw.githubusercontent.com/commercialhaskell/stackage-snapshots/master/nightly/2026/10/1.yaml
  original: nightly-2026-10-01
